
Microsoft Visual Studio Solution File, Format Version 12.00
# Visual Studio 15
VisualStudioVersion = 15.0.27130.2036
MinimumVisualStudioVersion = 10.0.40219.1
Project("{FAE04EC0-301F-11D3-BF4B-00C04F79EFBC}") = "elFinder.NetCore.Web", "elFinder.NetCore.Web\elFinder.NetCore.Web.csproj", "{E7EB177A-6ACB-4DF9-9084-6863C85701F8}"
EndProject
Project("{FAE04EC0-301F-11D3-BF4B-00C04F79EFBC}") = "elFinder.NetCore", "elFinder.NetCore\elFinder.NetCore.csproj", "{F7461AED-5E01-4FE0-AA1A-1C1241B4C96A}"
EndProject
Project("{FAE04EC0-301F-11D3-BF4B-00C04F79EFBC}") = "elFinder.NetCore.AzureStorage", "elFinder.NetCore.AzureStorage\elFinder.NetCore.AzureStorage.csproj", "{A66F3610-D82B-4A3D-A686-18F905145530}"
EndProject
Global
	GlobalSection(SolutionConfigurationPlatforms) = preSolution
		Debug|Any CPU = Debug|Any CPU
		Release|Any CPU = Release|Any CPU
	EndGlobalSection
	GlobalSection(ProjectConfigurationPlatforms) = postSolution
		{E7EB177A-6ACB-4DF9-9084-6863C85701F8}.Debug|Any CPU.ActiveCfg = Debug|Any CPU
		{E7EB177A-6ACB-4DF9-9084-6863C85701F8}.Debug|Any CPU.Build.0 = Debug|Any CPU
		{E7EB177A-6ACB-4DF9-9084-6863C85701F8}.Release|Any CPU.ActiveCfg = Release|Any CPU
		{E7EB177A-6ACB-4DF9-9084-6863C85701F8}.Release|Any CPU.Build.0 = Release|Any CPU
		{F7461AED-5E01-4FE0-AA1A-1C1241B4C96A}.Debug|Any CPU.ActiveCfg = Debug|Any CPU
		{F7461AED-5E01-4FE0-AA1A-1C1241B4C96A}.Debug|Any CPU.Build.0 = Debug|Any CPU
		{F7461AED-5E01-4FE0-AA1A-1C1241B4C96A}.Release|Any CPU.ActiveCfg = Release|Any CPU
		{F7461AED-5E01-4FE0-AA1A-1C1241B4C96A}.Release|Any CPU.Build.0 = Release|Any CPU
		{A66F3610-D82B-4A3D-A686-18F905145530}.Debug|Any CPU.ActiveCfg = Debug|Any CPU
		{A66F3610-D82B-4A3D-A686-18F905145530}.Debug|Any CPU.Build.0 = Debug|Any CPU
		{A66F3610-D82B-4A3D-A686-18F905145530}.Release|Any CPU.ActiveCfg = Release|Any CPU
		{A66F3610-D82B-4A3D-A686-18F905145530}.Release|Any CPU.Build.0 = Release|Any CPU
	EndGlobalSection
	GlobalSection(SolutionProperties) = preSolution
		HideSolutionNode = FALSE
	EndGlobalSection
	GlobalSection(ExtensibilityGlobals) = postSolution
		SolutionGuid = {1DDC06BC-4DEA-4656-A6EA-3726A43B3462}
	EndGlobalSection
EndGlobal
